
Microsoft Visual Studio Solution File, Format Version 12.00
# Visual Studio Version 17
VisualStudioVersion = 17.4.33103.184
MinimumVisualStudioVersion = 10.0.40219.1
Project("{FAE04EC0-301F-11D3-BF4B-00C04F79EFBC}") = "webapi.event+.tarde", "webapi.event+.tarde.csproj", "{4333E4A1-187D-478E-A487-EE1FD5776511}"
EndProject
Global
	GlobalSection(SolutionConfigurationPlatforms) = preSolution
		Debug|Any CPU = Debug|Any CPU
		Release|Any CPU = Release|Any CPU
	EndGlobalSection
	GlobalSection(ProjectConfigurationPlatforms) = postSolution
		{4333E4A1-187D-478E-A487-EE1FD5776511}.Debug|Any CPU.ActiveCfg = Debug|Any CPU
		{4333E4A1-187D-478E-A487-EE1FD5776511}.Debug|Any CPU.Build.0 = Debug|Any CPU
		{4333E4A1-187D-478E-A487-EE1FD5776511}.Release|Any CPU.ActiveCfg = Release|Any CPU
		{4333E4A1-187D-478E-A487-EE1FD5776511}.Release|Any CPU.Build.0 = Release|Any CPU
	EndGlobalSection
	GlobalSection(SolutionProperties) = preSolution
		HideSolutionNode = FALSE
	EndGlobalSection
	GlobalSection(ExtensibilityGlobals) = postSolution
		SolutionGuid = {5AC6B770-2ED8-4340-9A0E-88594C8130D1}
	EndGlobalSection
EndGlobal
