
Microsoft Visual Studio Solution File, Format Version 12.00
# Visual Studio Version 17
VisualStudioVersion = 17.4.33103.184
MinimumVisualStudioVersion = 10.0.40219.1
Project("{9A19103F-16F7-4668-BE54-9A1E7A4F7556}") = "webapi.filme", "webapi.filme.csproj", "{D54EC1EC-FD7F-4BEE-9451-4290360AF8FF}"
EndProject
Global
	GlobalSection(SolutionConfigurationPlatforms) = preSolution
		Debug|Any CPU = Debug|Any CPU
		Release|Any CPU = Release|Any CPU
	EndGlobalSection
	GlobalSection(ProjectConfigurationPlatforms) = postSolution
		{D54EC1EC-FD7F-4BEE-9451-4290360AF8FF}.Debug|Any CPU.ActiveCfg = Debug|Any CPU
		{D54EC1EC-FD7F-4BEE-9451-4290360AF8FF}.Debug|Any CPU.Build.0 = Debug|Any CPU
		{D54EC1EC-FD7F-4BEE-9451-4290360AF8FF}.Release|Any CPU.ActiveCfg = Release|Any CPU
		{D54EC1EC-FD7F-4BEE-9451-4290360AF8FF}.Release|Any CPU.Build.0 = Release|Any CPU
	EndGlobalSection
	GlobalSection(SolutionProperties) = preSolution
		HideSolutionNode = FALSE
	EndGlobalSection
	GlobalSection(ExtensibilityGlobals) = postSolution
		SolutionGuid = {EF84EB4A-0CD2-4FDF-BD91-098CA00A03FA}
	EndGlobalSection
EndGlobal
